// !$*UTF8*$!
{
	archiveVersion = 1;
	classes = {
	};
	objectVersion = 46;
	objects = {

/* Begin PBXBuildFile section */
		7F5383F41D7FFC5200BF3E9B /* AddViewController.m in Sources */ = {isa = PBXBuildFile; fileRef = 7F5383F31D7FFC5200BF3E9B /* AddViewController.m */; };
		7FD90E281C7DF57B00309BC5 /* main.m in Sources */ = {isa = PBXBuildFile; fileRef = 7FD90E271C7DF57B00309BC5 /* main.m */; };
		7FD90E2B1C7DF57B00309BC5 /* AppDelegate.m in Sources */ = {isa = PBXBuildFile; fileRef = 7FD90E2A1C7DF57B00309BC5 /* AppDelegate.m */; };
		7FD90E311C7DF57B00309BC5 /* Main.storyboard in Resources */ = {isa = PBXBuildFile; fileRef = 7FD90E2F1C7DF57B00309BC5 /* Main.storyboard */; };
		7FD90E331C7DF57B00309BC5 /* Assets.xcassets in Resources */ = {isa = PBXBuildFile; fileRef = 7FD90E321C7DF57B00309BC5 /* Assets.xcassets */; };
		7FD90E361C7DF57B00309BC5 /* LaunchScreen.storyboard in Resources */ = {isa = PBXBuildFile; fileRef = 7FD90E341C7DF57B00309BC5 /* LaunchScreen.storyboard */; };
		7FD90E3F1C7DF7AD00309BC5 /* TableViewController.m in Sources */ = {isa = PBXBuildFile; fileRef = 7FD90E3E1C7DF7AD00309BC5 /* TableViewController.m */; };
		7FD90E451C7DF8F400309BC5 /* DetailViewController.m in Sources */ = {isa = PBXBuildFile; fileRef = 7FD90E441C7DF8F400309BC5 /* DetailViewController.m */; };
		7FD90E481C7DF91200309BC5 /* EditViewController.m in Sources */ = {isa = PBXBuildFile; fileRef = 7FD90E471C7DF91200309BC5 /* EditViewController.m */; };
		7FD90E4C1C7E18AD00309BC5 /* Foundation.framework in Frameworks */ = {isa = PBXBuildFile; fileRef = 7FD90E4B1C7E18AD00309BC5 /* Foundation.framework */; };
		7FD90E4E1C7E18BC00309BC5 /* UIKit.framework in Frameworks */ = {isa = PBXBuildFile; fileRef = 7FD90E4D1C7E18BC00309BC5 /* UIKit.framework */; };
		7FD90E521C7E19EF00309BC5 /* TODO.m in Sources */ = {isa = PBXBuildFile; fileRef = 7FD90E511C7E19EF00309BC5 /* TODO.m */; };
/* End PBXBuildFile section */

/* Begin PBXFileReference section */
		7F5383F21D7FFC5200BF3E9B /* AddViewController.h */ = {isa = PBXFileReference; fileEncoding = 4; lastKnownFileType = sourcecode.c.h; path = AddViewController.h; sourceTree = "<group>"; };
		7F5383F31D7FFC5200BF3E9B /* AddViewController.m */ = {isa = PBXFileReference; fileEncoding = 4; lastKnownFileType = sourcecode.c.objc; path = AddViewController.m; sourceTree = "<group>"; };
		7FD90E231C7DF57B00309BC5 /* TodoList.app */ = {isa = PBXFileReference; explicitFileType = wrapper.application; includeInIndex = 0; path = TodoList.app; sourceTree = BUILT_PRODUCTS_DIR; };
		7FD90E271C7DF57B00309BC5 /* main.m */ = {isa = PBXFileReference; lastKnownFileType = sourcecode.c.objc; path = main.m; sourceTree = "<group>"; };
		7FD90E291C7DF57B00309BC5 /* AppDelegate.h */ = {isa = PBXFileReference; lastKnownFileType = sourcecode.c.h; path = AppDelegate.h; sourceTree = "<group>"; };
		7FD90E2A1C7DF57B00309BC5 /* AppDelegate.m */ = {isa = PBXFileReference; lastKnownFileType = sourcecode.c.objc; path = AppDelegate.m; sourceTree = "<group>"; };
		7FD90E301C7DF57B00309BC5 /* Base */ = {isa = PBXFileReference; lastKnownFileType = file.storyboard; name = Base; path = Base.lproj/Main.storyboard; sourceTree = "<group>"; };
		7FD90E321C7DF57B00309BC5 /* Assets.xcassets */ = {isa = PBXFileReference; lastKnownFileType = folder.assetcatalog; path = Assets.xcassets; sourceTree = "<group>"; };
		7FD90E351C7DF57B00309BC5 /* Base */ = {isa = PBXFileReference; lastKnownFileType = file.storyboard; name = Base; path = Base.lproj/LaunchScreen.storyboard; sourceTree = "<group>"; };
		7FD90E371C7DF57B00309BC5 /* Info.plist */ = {isa = PBXFileReference; lastKnownFileType = text.plist.xml; path = Info.plist; sourceTree = "<group>"; };
		7FD90E3D1C7DF7AD00309BC5 /* TableViewController.h */ = {isa = PBXFileReference; fileEncoding = 4; lastKnownFileType = sourcecode.c.h; path = TableViewController.h; sourceTree = "<group>"; };
		7FD90E3E1C7DF7AD00309BC5 /* TableViewController.m */ = {isa = PBXFileReference; fileEncoding = 4; lastKnownFileType = sourcecode.c.objc; path = TableViewController.m; sourceTree = "<group>"; };
		7FD90E431C7DF8F400309BC5 /* DetailViewController.h */ = {isa = PBXFileReference; fileEncoding = 4; lastKnownFileType = sourcecode.c.h; path = DetailViewController.h; sourceTree = "<group>"; };
		7FD90E441C7DF8F400309BC5 /* DetailViewController.m */ = {isa = PBXFileReference; fileEncoding = 4; lastKnownFileType = sourcecode.c.objc; path = DetailViewController.m; sourceTree = "<group>"; };
		7FD90E461C7DF91200309BC5 /* EditViewController.h */ = {isa = PBXFileReference; fileEncoding = 4; lastKnownFileType = sourcecode.c.h; path = EditViewController.h; sourceTree = "<group>"; };
		7FD90E471C7DF91200309BC5 /* EditViewController.m */ = {isa = PBXFileReference; fileEncoding = 4; lastKnownFileType = sourcecode.c.objc; path = EditViewController.m; sourceTree = "<group>"; };
		7FD90E491C7E181800309BC5 /* PrefixHeader.pch */ = {isa = PBXFileReference; lastKnownFileType = sourcecode.c.h; path = PrefixHeader.pch; sourceTree = "<group>"; };
		7FD90E4B1C7E18AD00309BC5 /* Foundation.framework */ = {isa = PBXFileReference; lastKnownFileType = wrapper.framework; name = Foundation.framework; path = System/Library/Frameworks/Foundation.framework; sourceTree = SDKROOT; };
		7FD90E4D1C7E18BC00309BC5 /* UIKit.framework */ = {isa = PBXFileReference; lastKnownFileType = wrapper.framework; name = UIKit.framework; path = System/Library/Frameworks/UIKit.framework; sourceTree = SDKROOT; };
		7FD90E501C7E19EF00309BC5 /* TODO.h */ = {isa = PBXFileReference; fileEncoding = 4; lastKnownFileType = sourcecode.c.h; path = TODO.h; sourceTree = "<group>"; };
		7FD90E511C7E19EF00309BC5 /* TODO.m */ = {isa = PBXFileReference; fileEncoding = 4; lastKnownFileType = sourcecode.c.objc; path = TODO.m; sourceTree = "<group>"; };
/* End PBXFileReference section */

/* Begin PBXFrameworksBuildPhase section */
		7FD90E201C7DF57B00309BC5 /* Frameworks */ = {
			isa = PBXFrameworksBuildPhase;
			buildActionMask = 2147483647;
			files = (
				7FD90E4E1C7E18BC00309BC5 /* UIKit.framework in Frameworks */,
				7FD90E4C1C7E18AD00309BC5 /* Foundation.framework in Frameworks */,
			);
			runOnlyForDeploymentPostprocessing = 0;
		};
/* End PBXFrameworksBuildPhase section */

/* Begin PBXGroup section */
		7FD90E1A1C7DF57B00309BC5 = {
			isa = PBXGroup;
			children = (
				7FD90E251C7DF57B00309BC5 /* TodoList */,
				7FD90E241C7DF57B00309BC5 /* Products */,
			);
			sourceTree = "<group>";
		};
		7FD90E241C7DF57B00309BC5 /* Products */ = {
			isa = PBXGroup;
			children = (
				7FD90E231C7DF57B00309BC5 /* TodoList.app */,
			);
			name = Products;
			sourceTree = "<group>";
		};
		7FD90E251C7DF57B00309BC5 /* TodoList */ = {
			isa = PBXGroup;
			children = (
				7FD90E4A1C7E186900309BC5 /* Librarys */,
				7F5383F21D7FFC5200BF3E9B /* AddViewController.h */,
				7F5383F31D7FFC5200BF3E9B /* AddViewController.m */,
				7FD90E291C7DF57B00309BC5 /* AppDelegate.h */,
				7FD90E2A1C7DF57B00309BC5 /* AppDelegate.m */,
				7FD90E2F1C7DF57B00309BC5 /* Main.storyboard */,
				7FD90E461C7DF91200309BC5 /* EditViewController.h */,
				7FD90E471C7DF91200309BC5 /* EditViewController.m */,
				7FD90E431C7DF8F400309BC5 /* DetailViewController.h */,
				7FD90E441C7DF8F400309BC5 /* DetailViewController.m */,
				7FD90E3D1C7DF7AD00309BC5 /* TableViewController.h */,
				7FD90E3E1C7DF7AD00309BC5 /* TableViewController.m */,
				7FD90E321C7DF57B00309BC5 /* Assets.xcassets */,
				7FD90E261C7DF57B00309BC5 /* Supporting Files */,
			);
			name = TodoList;
			path = Labb3.1;
			sourceTree = "<group>";
		};
		7FD90E261C7DF57B00309BC5 /* Supporting Files */ = {
			isa = PBXGroup;
			children = (
				7FD90E341C7DF57B00309BC5 /* LaunchScreen.storyboard */,
				7FD90E371C7DF57B00309BC5 /* Info.plist */,
				7FD90E271C7DF57B00309BC5 /* main.m */,
				7FD90E491C7E181800309BC5 /* PrefixHeader.pch */,
				7FD90E4F1C7E19C800309BC5 /* Models */,
			);
			name = "Supporting Files";
			sourceTree = "<group>";
		};
		7FD90E4A1C7E186900309BC5 /* Librarys */ = {
			isa = PBXGroup;
			children = (
				7FD90E4D1C7E18BC00309BC5 /* UIKit.framework */,
				7FD90E4B1C7E18AD00309BC5 /* Foundation.framework */,
			);
			name = Librarys;
			sourceTree = "<group>";
		};
		7FD90E4F1C7E19C800309BC5 /* Models */ = {
			isa = PBXGroup;
			children = (
				7FD90E501C7E19EF00309BC5 /* TODO.h */,
				7FD90E511C7E19EF00309BC5 /* TODO.m */,
			);
			name = Models;
			sourceTree = "<group>";
		};
/* End PBXGroup section */

/* Begin PBXNativeTarget section */
		7FD90E221C7DF57B00309BC5 /* TodoList */ = {
			isa = PBXNativeTarget;
			buildConfigurationList = 7FD90E3A1C7DF57B00309BC5 /* Build configuration list for PBXNativeTarget "TodoList" */;
			buildPhases = (
				7FD90E1F1C7DF57B00309BC5 /* Sources */,
				7FD90E201C7DF57B00309BC5 /* Frameworks */,
				7FD90E211C7DF57B00309BC5 /* Resources */,
			);
			buildRules = (
			);
			dependencies = (
			);
			name = TodoList;
			productName = Labb3.1;
			productReference = 7FD90E231C7DF57B00309BC5 /* TodoList.app */;
			productType = "com.apple.product-type.application";
		};
/* End PBXNativeTarget section */

/* Begin PBXProject section */
		7FD90E1B1C7DF57B00309BC5 /* Project object */ = {
			isa = PBXProject;
			attributes = {
				LastUpgradeCheck = 0720;
				ORGANIZATIONNAME = "Thomas Månsson";
				TargetAttributes = {
					7FD90E221C7DF57B00309BC5 = {
						CreatedOnToolsVersion = 7.2.1;
						DevelopmentTeam = RQ995R5XYN;
					};
				};
			};
			buildConfigurationList = 7FD90E1E1C7DF57B00309BC5 /* Build configuration list for PBXProject "TodoList" */;
			compatibilityVersion = "Xcode 3.2";
			developmentRegion = English;
			hasScannedForEncodings = 0;
			knownRegions = (
				en,
				Base,
			);
			mainGroup = 7FD90E1A1C7DF57B00309BC5;
			productRefGroup = 7FD90E241C7DF57B00309BC5 /* Products */;
			projectDirPath = "";
			projectRoot = "";
			targets = (
				7FD90E221C7DF57B00309BC5 /* TodoList */,
			);
		};
/* End PBXProject section */

/* Begin PBXResourcesBuildPhase section */
		7FD90E211C7DF57B00309BC5 /* Resources */ = {
			isa = PBXResourcesBuildPhase;
			buildActionMask = 2147483647;
			files = (
				7FD90E361C7DF57B00309BC5 /* LaunchScreen.storyboard in Resources */,
				7FD90E331C7DF57B00309BC5 /* Assets.xcassets in Resources */,
				7FD90E311C7DF57B00309BC5 /* Main.storyboard in Resources */,
			);
			runOnlyForDeploymentPostprocessing = 0;
		};
/* End PBXResourcesBuildPhase section */

/* Begin PBXSourcesBuildPhase section */
		7FD90E1F1C7DF57B00309BC5 /* Sources */ = {
			isa = PBXSourcesBuildPhase;
			buildActionMask = 2147483647;
			files = (
				7FD90E451C7DF8F400309BC5 /* DetailViewController.m in Sources */,
				7FD90E521C7E19EF00309BC5 /* TODO.m in Sources */,
				7FD90E2B1C7DF57B00309BC5 /* AppDelegate.m in Sources */,
				7FD90E281C7DF57B00309BC5 /* main.m in Sources */,
				7FD90E481C7DF91200309BC5 /* EditViewController.m in Sources */,
				7F5383F41D7FFC5200BF3E9B /* AddViewController.m in Sources */,
				7FD90E3F1C7DF7AD00309BC5 /* TableViewController.m in Sources */,
			);
			runOnlyForDeploymentPostprocessing = 0;
		};
/* End PBXSourcesBuildPhase section */

/* Begin PBXVariantGroup section */
		7FD90E2F1C7DF57B00309BC5 /* Main.storyboard */ = {
			isa = PBXVariantGroup;
			children = (
				7FD90E301C7DF57B00309BC5 /* Base */,
			);
			name = Main.storyboard;
			sourceTree = "<group>";
		};
		7FD90E341C7DF57B00309BC5 /* LaunchScreen.storyboard */ = {
			isa = PBXVariantGroup;
			children = (
				7FD90E351C7DF57B00309BC5 /* Base */,
			);
			name = LaunchScreen.storyboard;
			sourceTree = "<group>";
		};
/* End PBXVariantGroup section */

/* Begin XCBuildConfiguration section */
		7FD90E381C7DF57B00309BC5 /* Debug */ = {
			isa = XCBuildConfiguration;
			buildSettings = {
				ALWAYS_SEARCH_USER_PATHS = NO;
				CLANG_CXX_LANGUAGE_STANDARD = "gnu++0x";
				CLANG_CXX_LIBRARY = "libc++";
				CLANG_ENABLE_MODULES = YES;
				CLANG_ENABLE_OBJC_ARC = YES;
				CLANG_WARN_BOOL_CONVERSION = YES;
				CLANG_WARN_CONSTANT_CONVERSION = YES;
				CLANG_WARN_DIRECT_OBJC_ISA_USAGE = YES_ERROR;
				CLANG_WARN_EMPTY_BODY = YES;
				CLANG_WARN_ENUM_CONVERSION = YES;
				CLANG_WARN_INT_CONVERSION = YES;
				CLANG_WARN_OBJC_ROOT_CLASS = YES_ERROR;
				CLANG_WARN_UNREACHABLE_CODE = YES;
				CLANG_WARN__DUPLICATE_METHOD_MATCH = YES;
				"CODE_SIGN_IDENTITY[sdk=iphoneos*]" = "iPhone Developer";
				COPY_PHASE_STRIP = NO;
				DEBUG_INFORMATION_FORMAT = dwarf;
				ENABLE_STRICT_OBJC_MSGSEND = YES;
				ENABLE_TESTABILITY = YES;
				GCC_C_LANGUAGE_STANDARD = gnu99;
				GCC_DYNAMIC_NO_PIC = NO;
				GCC_NO_COMMON_BLOCKS = YES;
				GCC_OPTIMIZATION_LEVEL = 0;
				GCC_PREPROCESSOR_DEFINITIONS = (
					"DEBUG=1",
					"$(inherited)",
				);
				GCC_WARN_64_TO_32_BIT_CONVERSION = YES;
				GCC_WARN_ABOUT_RETURN_TYPE = YES_ERROR;
				GCC_WARN_UNDECLARED_SELECTOR = YES;
				GCC_WARN_UNINITIALIZED_AUTOS = YES_AGGRESSIVE;
				GCC_WARN_UNUSED_FUNCTION = YES;
				GCC_WARN_UNUSED_VARIABLE = YES;
				IPHONEOS_DEPLOYMENT_TARGET = 9.2;
				MTL_ENABLE_DEBUG_INFO = YES;
				ONLY_ACTIVE_ARCH = YES;
				SDKROOT = iphoneos;
			};
			name = Debug;
		};
		7FD90E391C7DF57B00309BC5 /* Release */ = {
			isa = XCBuildConfiguration;
			buildSettings = {
				ALWAYS_SEARCH_USER_PATHS = NO;
				CLANG_CXX_LANGUAGE_STANDARD = "gnu++0x";
				CLANG_CXX_LIBRARY = "libc++";
				CLANG_ENABLE_MODULES = YES;
				CLANG_ENABLE_OBJC_ARC = YES;
				CLANG_WARN_BOOL_CONVERSION = YES;
				CLANG_WARN_CONSTANT_CONVERSION = YES;
				CLANG_WARN_DIRECT_OBJC_ISA_USAGE = YES_ERROR;
				CLANG_WARN_EMPTY_BODY = YES;
				CLANG_WARN_ENUM_CONVERSION = YES;
				CLANG_WARN_INT_CONVERSION = YES;
				CLANG_WARN_OBJC_ROOT_CLASS = YES_ERROR;
				CLANG_WARN_UNREACHABLE_CODE = YES;
				CLANG_WARN__DUPLICATE_METHOD_MATCH = YES;
				"CODE_SIGN_IDENTITY[sdk=iphoneos*]" = "iPhone Developer";
				COPY_PHASE_STRIP = NO;
				DEBUG_INFORMATION_FORMAT = "dwarf-with-dsym";
				ENABLE_NS_ASSERTIONS = NO;
				ENABLE_STRICT_OBJC_MSGSEND = YES;
				GCC_C_LANGUAGE_STANDARD = gnu99;
				GCC_NO_COMMON_BLOCKS = YES;
				GCC_WARN_64_TO_32_BIT_CONVERSION = YES;
				GCC_WARN_ABOUT_RETURN_TYPE = YES_ERROR;
				GCC_WARN_UNDECLARED_SELECTOR = YES;
				GCC_WARN_UNINITIALIZED_AUTOS = YES_AGGRESSIVE;
				GCC_WARN_UNUSED_FUNCTION = YES;
				GCC_WARN_UNUSED_VARIABLE = YES;
				IPHONEOS_DEPLOYMENT_TARGET = 9.2;
				MTL_ENABLE_DEBUG_INFO = NO;
				SDKROOT = iphoneos;
				VALIDATE_PRODUCT = YES;
			};
			name = Release;
		};
		7FD90E3B1C7DF57B00309BC5 /* Debug */ = {
			isa = XCBuildConfiguration;
			buildSettings = {
				ASSETCATALOG_COMPILER_APPICON_NAME = AppIcon;
				CODE_SIGN_IDENTITY = "iPhone Developer";
				"CODE_SIGN_IDENTITY[sdk=iphoneos*]" = "iPhone Developer";
				INFOPLIST_FILE = Labb3.1/Info.plist;
				LD_RUNPATH_SEARCH_PATHS = "$(inherited) @executable_path/Frameworks";
				PRODUCT_BUNDLE_IDENTIFIER = "TTM.Labb3-1";
				PRODUCT_NAME = TodoList;
				PROVISIONING_PROFILE = "";
			};
			name = Debug;
		};
		7FD90E3C1C7DF57B00309BC5 /* Release */ = {
			isa = XCBuildConfiguration;
			buildSettings = {
				ASSETCATALOG_COMPILER_APPICON_NAME = AppIcon;
				CODE_SIGN_IDENTITY = "iPhone Developer";
				"CODE_SIGN_IDENTITY[sdk=iphoneos*]" = "iPhone Developer";
				INFOPLIST_FILE = Labb3.1/Info.plist;
				LD_RUNPATH_SEARCH_PATHS = "$(inherited) @executable_path/Frameworks";
				PRODUCT_BUNDLE_IDENTIFIER = "TTM.Labb3-1";
				PRODUCT_NAME = TodoList;
				PROVISIONING_PROFILE = "";
			};
			name = Release;
		};
/* End XCBuildConfiguration section */

/* Begin XCConfigurationList section */
		7FD90E1E1C7DF57B00309BC5 /* Build configuration list for PBXProject "TodoList" */ = {
			isa = XCConfigurationList;
			buildConfigurations = (
				7FD90E381C7DF57B00309BC5 /* Debug */,
				7FD90E391C7DF57B00309BC5 /* Release */,
			);
			defaultConfigurationIsVisible = 0;
			defaultConfigurationName = Release;
		};
		7FD90E3A1C7DF57B00309BC5 /* Build configuration list for PBXNativeTarget "TodoList" */ = {
			isa = XCConfigurationList;
			buildConfigurations = (
				7FD90E3B1C7DF57B00309BC5 /* Debug */,
				7FD90E3C1C7DF57B00309BC5 /* Release */,
			);
			defaultConfigurationIsVisible = 0;
			defaultConfigurationName = Release;
		};
/* End XCConfigurationList section */
	};
	rootObject = 7FD90E1B1C7DF57B00309BC5 /* Project object */;
}
